PODS:
  - TFKit-Objc (0.0.5):
    - TFKit-Objc/BaseClass (= 0.0.5)
    - TFKit-Objc/Category (= 0.0.5)
    - TFKit-Objc/Utils (= 0.0.5)
  - TFKit-Objc/BaseClass (0.0.5)
  - TFKit-Objc/Category (0.0.5)
  - TFKit-Objc/Utils (0.0.5)
  - YYKit (1.0.9):
    - YYKit/no-arc (= 1.0.9)
  - YYKit/no-arc (1.0.9)

DEPENDENCIES:
  - TFKit-Objc
  - YYKit

SPEC REPOS:
  https://mirrors.tuna.tsinghua.edu.cn/git/CocoaPods/Specs.git:
    - TFKit-Objc
    - YYKit

SPEC CHECKSUMS:
  TFKit-Objc: 4b55bdf4f33c7578433d13764dd385d3360324c4
  YYKit: 7cda43304a8dc3696c449041e2cb3107b4e236e7

PODFILE CHECKSUM: 69b8e58d049db205c179702cb39334624b02902a

COCOAPODS: 1.9.1
