PODS:
  - TFKit-Objc (0.1.0):
    - TFKit-Objc/BaseClass (= 0.1.0)
    - TFKit-Objc/Category (= 0.1.0)
    - TFKit-Objc/Utils (= 0.1.0)
  - TFKit-Objc/BaseClass (0.1.0)
  - TFKit-Objc/Category (0.1.0)
  - TFKit-Objc/Utils (0.1.0)
  - YYKit (1.0.9):
    - YYKit/no-arc (= 1.0.9)
  - YYKit/no-arc (1.0.9)

DEPENDENCIES:
  - TFKit-Objc
  - YYKit

SPEC REPOS:
  https://mirrors.tuna.tsinghua.edu.cn/git/CocoaPods/Specs.git:
    - TFKit-Objc
    - YYKit

SPEC CHECKSUMS:
  TFKit-Objc: dd503e3efd77bdff83b63c3d538f2a30bce40217
  YYKit: 7cda43304a8dc3696c449041e2cb3107b4e236e7

PODFILE CHECKSUM: dd084d579481ad04aca2c98d3ba003cd63ac9678

COCOAPODS: 1.9.3
