// !$*UTF8*$!
{
	archiveVersion = 1;
	classes = {
	};
	objectVersion = 50;
	objects = {

/* Begin PBXBuildFile section */
		5B16FFF4242C70E5000D06D8 /* DrawView.swift in Sources */ = {isa = PBXBuildFile; fileRef = 5B16FFF3242C70E5000D06D8 /* DrawView.swift */; };
		5B16FFF7242C7136000D06D8 /* DrawViewController.m in Sources */ = {isa = PBXBuildFile; fileRef = 5B16FFF6242C7136000D06D8 /* DrawViewController.m */; };
		5B51877B2420C55700D397D8 /* AppDelegate.m in Sources */ = {isa = PBXBuildFile; fileRef = 5B51877A2420C55700D397D8 /* AppDelegate.m */; };
		5B5187812420C55700D397D8 /* ViewController.m in Sources */ = {isa = PBXBuildFile; fileRef = 5B5187802420C55700D397D8 /* ViewController.m */; };
		5B5187842420C55700D397D8 /* Main.storyboard in Resources */ = {isa = PBXBuildFile; fileRef = 5B5187822420C55700D397D8 /* Main.storyboard */; };
		5B5187862420C55800D397D8 /* Assets.xcassets in Resources */ = {isa = PBXBuildFile; fileRef = 5B5187852420C55800D397D8 /* Assets.xcassets */; };
		5B5187892420C55800D397D8 /* LaunchScreen.storyboard in Resources */ = {isa = PBXBuildFile; fileRef = 5B5187872420C55800D397D8 /* LaunchScreen.storyboard */; };
		5B51878C2420C55800D397D8 /* main.m in Sources */ = {isa = PBXBuildFile; fileRef = 5B51878B2420C55800D397D8 /* main.m */; };
		5B80BE442428889B00E50009 /* TableViewController.m in Sources */ = {isa = PBXBuildFile; fileRef = 5B80BE432428889B00E50009 /* TableViewController.m */; };
		5B8100682446FE03000AAC23 /* RRSecondViewController.swift in Sources */ = {isa = PBXBuildFile; fileRef = 5B8100672446FE03000AAC23 /* RRSecondViewController.swift */; };
		E2F8376A98353615FA16F3C3 /* libPods-DrawShape.a in Frameworks */ = {isa = PBXBuildFile; fileRef = 8E2ACD66ECE1D082D42529AA /* libPods-DrawShape.a */; };
/* End PBXBuildFile section */

/* Begin PBXFileReference section */
		5B16FFF0242C7012000D06D8 /* DrawShape-Bridging-Header.h */ = {isa = PBXFileReference; lastKnownFileType = sourcecode.c.h; path = "DrawShape-Bridging-Header.h"; sourceTree = "<group>"; };
		5B16FFF3242C70E5000D06D8 /* DrawView.swift */ = {isa = PBXFileReference; lastKnownFileType = sourcecode.swift; path = DrawView.swift; sourceTree = "<group>"; };
		5B16FFF5242C7136000D06D8 /* DrawViewController.h */ = {isa = PBXFileReference; lastKnownFileType = sourcecode.c.h; path = DrawViewController.h; sourceTree = "<group>"; };
		5B16FFF6242C7136000D06D8 /* DrawViewController.m */ = {isa = PBXFileReference; lastKnownFileType = sourcecode.c.objc; path = DrawViewController.m; sourceTree = "<group>"; };
		5B5187762420C55700D397D8 /* DrawShape.app */ = {isa = PBXFileReference; explicitFileType = wrapper.application; includeInIndex = 0; path = DrawShape.app; sourceTree = BUILT_PRODUCTS_DIR; };
		5B5187792420C55700D397D8 /* AppDelegate.h */ = {isa = PBXFileReference; lastKnownFileType = sourcecode.c.h; path = AppDelegate.h; sourceTree = "<group>"; };
		5B51877A2420C55700D397D8 /* AppDelegate.m */ = {isa = PBXFileReference; lastKnownFileType = sourcecode.c.objc; path = AppDelegate.m; sourceTree = "<group>"; };
		5B51877F2420C55700D397D8 /* ViewController.h */ = {isa = PBXFileReference; lastKnownFileType = sourcecode.c.h; path = ViewController.h; sourceTree = "<group>"; };
		5B5187802420C55700D397D8 /* ViewController.m */ = {isa = PBXFileReference; lastKnownFileType = sourcecode.c.objc; path = ViewController.m; sourceTree = "<group>"; };
		5B5187832420C55700D397D8 /* Base */ = {isa = PBXFileReference; lastKnownFileType = file.storyboard; name = Base; path = Base.lproj/Main.storyboard; sourceTree = "<group>"; };
		5B5187852420C55800D397D8 /* Assets.xcassets */ = {isa = PBXFileReference; lastKnownFileType = folder.assetcatalog; path = Assets.xcassets; sourceTree = "<group>"; };
		5B5187882420C55800D397D8 /* Base */ = {isa = PBXFileReference; lastKnownFileType = file.storyboard; name = Base; path = Base.lproj/LaunchScreen.storyboard; sourceTree = "<group>"; };
		5B51878A2420C55800D397D8 /* Info.plist */ = {isa = PBXFileReference; lastKnownFileType = text.plist.xml; path = Info.plist; sourceTree = "<group>"; };
		5B51878B2420C55800D397D8 /* main.m */ = {isa = PBXFileReference; lastKnownFileType = sourcecode.c.objc; path = main.m; sourceTree = "<group>"; };
		5B80BE422428889B00E50009 /* TableViewController.h */ = {isa = PBXFileReference; lastKnownFileType = sourcecode.c.h; name = TableViewController.h; path = ../../../../../Users/twistedfate/Documents/TableViewController.h; sourceTree = "<group>"; };
		5B80BE432428889B00E50009 /* TableViewController.m */ = {isa = PBXFileReference; lastKnownFileType = sourcecode.c.objc; name = TableViewController.m; path = ../../../../../Users/twistedfate/Documents/TableViewController.m; sourceTree = "<group>"; };
		5B8100672446FE03000AAC23 /* RRSecondViewController.swift */ = {isa = PBXFileReference; lastKnownFileType = sourcecode.swift; path = RRSecondViewController.swift; sourceTree = "<group>"; };
		8B87238695EBFC37359BB8CE /* Pods-DrawShape.debug.xcconfig */ = {isa = PBXFileReference; includeInIndex = 1; lastKnownFileType = text.xcconfig; name = "Pods-DrawShape.debug.xcconfig"; path = "Target Support Files/Pods-DrawShape/Pods-DrawShape.debug.xcconfig"; sourceTree = "<group>"; };
		8E2ACD66ECE1D082D42529AA /* libPods-DrawShape.a */ = {isa = PBXFileReference; explicitFileType = archive.ar; includeInIndex = 0; path = "libPods-DrawShape.a"; sourceTree = BUILT_PRODUCTS_DIR; };
		998C18DF7F96A2504255A0A1 /* Pods-DrawShape.release.xcconfig */ = {isa = PBXFileReference; includeInIndex = 1; lastKnownFileType = text.xcconfig; name = "Pods-DrawShape.release.xcconfig"; path = "Target Support Files/Pods-DrawShape/Pods-DrawShape.release.xcconfig"; sourceTree = "<group>"; };
/* End PBXFileReference section */

/* Begin PBXFrameworksBuildPhase section */
		5B5187732420C55700D397D8 /* Frameworks */ = {
			isa = PBXFrameworksBuildPhase;
			buildActionMask = 2147483647;
			files = (
				E2F8376A98353615FA16F3C3 /* libPods-DrawShape.a in Frameworks */,
			);
			runOnlyForDeploymentPostprocessing = 0;
		};
/* End PBXFrameworksBuildPhase section */

/* Begin PBXGroup section */
		26CCD043BD1CD8CBAB979792 /* Frameworks */ = {
			isa = PBXGroup;
			children = (
				8E2ACD66ECE1D082D42529AA /* libPods-DrawShape.a */,
			);
			name = Frameworks;
			sourceTree = "<group>";
		};
		5B51876D2420C55700D397D8 = {
			isa = PBXGroup;
			children = (
				5B5187782420C55700D397D8 /* DrawShape */,
				5B5187772420C55700D397D8 /* Products */,
				5B89C525463C25FF787274E6 /* Pods */,
				26CCD043BD1CD8CBAB979792 /* Frameworks */,
			);
			sourceTree = "<group>";
		};
		5B5187772420C55700D397D8 /* Products */ = {
			isa = PBXGroup;
			children = (
				5B5187762420C55700D397D8 /* DrawShape.app */,
			);
			name = Products;
			sourceTree = "<group>";
		};
		5B5187782420C55700D397D8 /* DrawShape */ = {
			isa = PBXGroup;
			children = (
				5B5187792420C55700D397D8 /* AppDelegate.h */,
				5B51877A2420C55700D397D8 /* AppDelegate.m */,
				5B80BE422428889B00E50009 /* TableViewController.h */,
				5B80BE432428889B00E50009 /* TableViewController.m */,
				5B16FFF5242C7136000D06D8 /* DrawViewController.h */,
				5B16FFF6242C7136000D06D8 /* DrawViewController.m */,
				5B8100672446FE03000AAC23 /* RRSecondViewController.swift */,
				5B16FFF3242C70E5000D06D8 /* DrawView.swift */,
				5B16FFF0242C7012000D06D8 /* DrawShape-Bridging-Header.h */,
				5B51877F2420C55700D397D8 /* ViewController.h */,
				5B5187802420C55700D397D8 /* ViewController.m */,
				5B5187822420C55700D397D8 /* Main.storyboard */,
				5B5187852420C55800D397D8 /* Assets.xcassets */,
				5B5187872420C55800D397D8 /* LaunchScreen.storyboard */,
				5B51878A2420C55800D397D8 /* Info.plist */,
				5B51878B2420C55800D397D8 /* main.m */,
			);
			path = DrawShape;
			sourceTree = "<group>";
		};
		5B89C525463C25FF787274E6 /* Pods */ = {
			isa = PBXGroup;
			children = (
				8B87238695EBFC37359BB8CE /* Pods-DrawShape.debug.xcconfig */,
				998C18DF7F96A2504255A0A1 /* Pods-DrawShape.release.xcconfig */,
			);
			path = Pods;
			sourceTree = "<group>";
		};
/* End PBXGroup section */

/* Begin PBXNativeTarget section */
		5B5187752420C55700D397D8 /* DrawShape */ = {
			isa = PBXNativeTarget;
			buildConfigurationList = 5B51878F2420C55800D397D8 /* Build configuration list for PBXNativeTarget "DrawShape" */;
			buildPhases = (
				3403453B61524CBDA1C892F2 /* [CP] Check Pods Manifest.lock */,
				5B5187722420C55700D397D8 /* Sources */,
				5B5187732420C55700D397D8 /* Frameworks */,
				5B5187742420C55700D397D8 /* Resources */,
			);
			buildRules = (
			);
			dependencies = (
			);
			name = DrawShape;
			productName = DrawShape;
			productReference = 5B5187762420C55700D397D8 /* DrawShape.app */;
			productType = "com.apple.product-type.application";
		};
/* End PBXNativeTarget section */

/* Begin PBXProject section */
		5B51876E2420C55700D397D8 /* Project object */ = {
			isa = PBXProject;
			attributes = {
				LastUpgradeCheck = 1130;
				ORGANIZATIONNAME = "Twisted Fate";
				TargetAttributes = {
					5B5187752420C55700D397D8 = {
						CreatedOnToolsVersion = 11.3.1;
						LastSwiftMigration = 1130;
					};
				};
			};
			buildConfigurationList = 5B5187712420C55700D397D8 /* Build configuration list for PBXProject "DrawShape" */;
			compatibilityVersion = "Xcode 9.3";
			developmentRegion = en;
			hasScannedForEncodings = 0;
			knownRegions = (
				en,
				Base,
			);
			mainGroup = 5B51876D2420C55700D397D8;
			productRefGroup = 5B5187772420C55700D397D8 /* Products */;
			projectDirPath = "";
			projectRoot = "";
			targets = (
				5B5187752420C55700D397D8 /* DrawShape */,
			);
		};
/* End PBXProject section */

/* Begin PBXResourcesBuildPhase section */
		5B5187742420C55700D397D8 /* Resources */ = {
			isa = PBXResourcesBuildPhase;
			buildActionMask = 2147483647;
			files = (
				5B5187892420C55800D397D8 /* LaunchScreen.storyboard in Resources */,
				5B5187862420C55800D397D8 /* Assets.xcassets in Resources */,
				5B5187842420C55700D397D8 /* Main.storyboard in Resources */,
			);
			runOnlyForDeploymentPostprocessing = 0;
		};
/* End PBXResourcesBuildPhase section */

/* Begin PBXShellScriptBuildPhase section */
		3403453B61524CBDA1C892F2 /* [CP] Check Pods Manifest.lock */ = {
			isa = PBXShellScriptBuildPhase;
			buildActionMask = 2147483647;
			files = (
			);
			inputFileListPaths = (
			);
			inputPaths = (
				"${PODS_PODFILE_DIR_PATH}/Podfile.lock",
				"${PODS_ROOT}/Manifest.lock",
			);
			name = "[CP] Check Pods Manifest.lock";
			outputFileListPaths = (
			);
			outputPaths = (
				"$(DERIVED_FILE_DIR)/Pods-DrawShape-checkManifestLockResult.txt",
			);
			runOnlyForDeploymentPostprocessing = 0;
			shellPath = /bin/sh;
			shellScript = "diff \"${PODS_PODFILE_DIR_PATH}/Podfile.lock\" \"${PODS_ROOT}/Manifest.lock\" > /dev/null\nif [ $? != 0 ] ; then\n    # print error to STDERR\n    echo \"error: The sandbox is not in sync with the Podfile.lock. Run 'pod install' or update your CocoaPods installation.\" >&2\n    exit 1\nfi\n# This output is used by Xcode 'outputs' to avoid re-running this script phase.\necho \"SUCCESS\" > \"${SCRIPT_OUTPUT_FILE_0}\"\n";
			showEnvVarsInLog = 0;
		};
/* End PBXShellScriptBuildPhase section */

/* Begin PBXSourcesBuildPhase section */
		5B5187722420C55700D397D8 /* Sources */ = {
			isa = PBXSourcesBuildPhase;
			buildActionMask = 2147483647;
			files = (
				5B5187812420C55700D397D8 /* ViewController.m in Sources */,
				5B51877B2420C55700D397D8 /* AppDelegate.m in Sources */,
				5B8100682446FE03000AAC23 /* RRSecondViewController.swift in Sources */,
				5B16FFF7242C7136000D06D8 /* DrawViewController.m in Sources */,
				5B16FFF4242C70E5000D06D8 /* DrawView.swift in Sources */,
				5B51878C2420C55800D397D8 /* main.m in Sources */,
				5B80BE442428889B00E50009 /* TableViewController.m in Sources */,
			);
			runOnlyForDeploymentPostprocessing = 0;
		};
/* End PBXSourcesBuildPhase section */

/* Begin PBXVariantGroup section */
		5B5187822420C55700D397D8 /* Main.storyboard */ = {
			isa = PBXVariantGroup;
			children = (
				5B5187832420C55700D397D8 /* Base */,
			);
			name = Main.storyboard;
			sourceTree = "<group>";
		};
		5B5187872420C55800D397D8 /* LaunchScreen.storyboard */ = {
			isa = PBXVariantGroup;
			children = (
				5B5187882420C55800D397D8 /* Base */,
			);
			name = LaunchScreen.storyboard;
			sourceTree = "<group>";
		};
/* End PBXVariantGroup section */

/* Begin XCBuildConfiguration section */
		5B51878D2420C55800D397D8 /* Debug */ = {
			isa = XCBuildConfiguration;
			buildSettings = {
				ALWAYS_SEARCH_USER_PATHS = NO;
				CLANG_ANALYZER_NONNULL = YES;
				CLANG_ANALYZER_NUMBER_OBJECT_CONVERSION = YES_AGGRESSIVE;
				CLANG_CXX_LANGUAGE_STANDARD = "gnu++14";
				CLANG_CXX_LIBRARY = "libc++";
				CLANG_ENABLE_MODULES = YES;
				CLANG_ENABLE_OBJC_ARC = YES;
				CLANG_ENABLE_OBJC_WEAK = YES;
				CLANG_WARN_BLOCK_CAPTURE_AUTORELEASING = YES;
				CLANG_WARN_BOOL_CONVERSION = YES;
				CLANG_WARN_COMMA = YES;
				CLANG_WARN_CONSTANT_CONVERSION = YES;
				CLANG_WARN_DEPRECATED_OBJC_IMPLEMENTATIONS = YES;
				CLANG_WARN_DIRECT_OBJC_ISA_USAGE = YES_ERROR;
				CLANG_WARN_DOCUMENTATION_COMMENTS = YES;
				CLANG_WARN_EMPTY_BODY = YES;
				CLANG_WARN_ENUM_CONVERSION = YES;
				CLANG_WARN_INFINITE_RECURSION = YES;
				CLANG_WARN_INT_CONVERSION = YES;
				CLANG_WARN_NON_LITERAL_NULL_CONVERSION = YES;
				CLANG_WARN_OBJC_IMPLICIT_RETAIN_SELF = YES;
				CLANG_WARN_OBJC_LITERAL_CONVERSION = YES;
				CLANG_WARN_OBJC_ROOT_CLASS = YES_ERROR;
				CLANG_WARN_RANGE_LOOP_ANALYSIS = YES;
				CLANG_WARN_STRICT_PROTOTYPES = YES;
				CLANG_WARN_SUSPICIOUS_MOVE = YES;
				CLANG_WARN_UNGUARDED_AVAILABILITY = YES_AGGRESSIVE;
				CLANG_WARN_UNREACHABLE_CODE = YES;
				CLANG_WARN__DUPLICATE_METHOD_MATCH = YES;
				COPY_PHASE_STRIP = NO;
				DEBUG_INFORMATION_FORMAT = dwarf;
				ENABLE_STRICT_OBJC_MSGSEND = YES;
				ENABLE_TESTABILITY = YES;
				GCC_C_LANGUAGE_STANDARD = gnu11;
				GCC_DYNAMIC_NO_PIC = NO;
				GCC_NO_COMMON_BLOCKS = YES;
				GCC_OPTIMIZATION_LEVEL = 0;
				GCC_PREPROCESSOR_DEFINITIONS = (
					"DEBUG=1",
					"$(inherited)",
				);
				GCC_WARN_64_TO_32_BIT_CONVERSION = YES;
				GCC_WARN_ABOUT_RETURN_TYPE = YES_ERROR;
				GCC_WARN_UNDECLARED_SELECTOR = YES;
				GCC_WARN_UNINITIALIZED_AUTOS = YES_AGGRESSIVE;
				GCC_WARN_UNUSED_FUNCTION = YES;
				GCC_WARN_UNUSED_VARIABLE = YES;
				IPHONEOS_DEPLOYMENT_TARGET = 13.2;
				MTL_ENABLE_DEBUG_INFO = INCLUDE_SOURCE;
				MTL_FAST_MATH = YES;
				ONLY_ACTIVE_ARCH = YES;
				SDKROOT = iphoneos;
			};
			name = Debug;
		};
		5B51878E2420C55800D397D8 /* Release */ = {
			isa = XCBuildConfiguration;
			buildSettings = {
				ALWAYS_SEARCH_USER_PATHS = NO;
				CLANG_ANALYZER_NONNULL = YES;
				CLANG_ANALYZER_NUMBER_OBJECT_CONVERSION = YES_AGGRESSIVE;
				CLANG_CXX_LANGUAGE_STANDARD = "gnu++14";
				CLANG_CXX_LIBRARY = "libc++";
				CLANG_ENABLE_MODULES = YES;
				CLANG_ENABLE_OBJC_ARC = YES;
				CLANG_ENABLE_OBJC_WEAK = YES;
				CLANG_WARN_BLOCK_CAPTURE_AUTORELEASING = YES;
				CLANG_WARN_BOOL_CONVERSION = YES;
				CLANG_WARN_COMMA = YES;
				CLANG_WARN_CONSTANT_CONVERSION = YES;
				CLANG_WARN_DEPRECATED_OBJC_IMPLEMENTATIONS = YES;
				CLANG_WARN_DIRECT_OBJC_ISA_USAGE = YES_ERROR;
				CLANG_WARN_DOCUMENTATION_COMMENTS = YES;
				CLANG_WARN_EMPTY_BODY = YES;
				CLANG_WARN_ENUM_CONVERSION = YES;
				CLANG_WARN_INFINITE_RECURSION = YES;
				CLANG_WARN_INT_CONVERSION = YES;
				CLANG_WARN_NON_LITERAL_NULL_CONVERSION = YES;
				CLANG_WARN_OBJC_IMPLICIT_RETAIN_SELF = YES;
				CLANG_WARN_OBJC_LITERAL_CONVERSION = YES;
				CLANG_WARN_OBJC_ROOT_CLASS = YES_ERROR;
				CLANG_WARN_RANGE_LOOP_ANALYSIS = YES;
				CLANG_WARN_STRICT_PROTOTYPES = YES;
				CLANG_WARN_SUSPICIOUS_MOVE = YES;
				CLANG_WARN_UNGUARDED_AVAILABILITY = YES_AGGRESSIVE;
				CLANG_WARN_UNREACHABLE_CODE = YES;
				CLANG_WARN__DUPLICATE_METHOD_MATCH = YES;
				COPY_PHASE_STRIP = NO;
				DEBUG_INFORMATION_FORMAT = "dwarf-with-dsym";
				ENABLE_NS_ASSERTIONS = NO;
				ENABLE_STRICT_OBJC_MSGSEND = YES;
				GCC_C_LANGUAGE_STANDARD = gnu11;
				GCC_NO_COMMON_BLOCKS = YES;
				GCC_WARN_64_TO_32_BIT_CONVERSION = YES;
				GCC_WARN_ABOUT_RETURN_TYPE = YES_ERROR;
				GCC_WARN_UNDECLARED_SELECTOR = YES;
				GCC_WARN_UNINITIALIZED_AUTOS = YES_AGGRESSIVE;
				GCC_WARN_UNUSED_FUNCTION = YES;
				GCC_WARN_UNUSED_VARIABLE = YES;
				IPHONEOS_DEPLOYMENT_TARGET = 13.2;
				MTL_ENABLE_DEBUG_INFO = NO;
				MTL_FAST_MATH = YES;
				SDKROOT = iphoneos;
				VALIDATE_PRODUCT = YES;
			};
			name = Release;
		};
		5B5187902420C55800D397D8 /* Debug */ = {
			isa = XCBuildConfiguration;
			baseConfigurationReference = 8B87238695EBFC37359BB8CE /* Pods-DrawShape.debug.xcconfig */;
			buildSettings = {
				ASSETCATALOG_COMPILER_APPICON_NAME = AppIcon;
				CLANG_ENABLE_MODULES = YES;
				CODE_SIGN_STYLE = Automatic;
				DEVELOPMENT_TEAM = 83J8888V77;
				INFOPLIST_FILE = DrawShape/Info.plist;
				LD_RUNPATH_SEARCH_PATHS = (
					"$(inherited)",
					"@executable_path/Frameworks",
				);
				PRODUCT_BUNDLE_IDENTIFIER = com.twistedfate.www.DrawShape;
				PRODUCT_NAME = "$(TARGET_NAME)";
				SWIFT_OBJC_BRIDGING_HEADER = "DrawShape/DrawShape-Bridging-Header.h";
				SWIFT_OPTIMIZATION_LEVEL = "-Onone";
				SWIFT_VERSION = 5.0;
				TARGETED_DEVICE_FAMILY = "1,2";
			};
			name = Debug;
		};
		5B5187912420C55800D397D8 /* Release */ = {
			isa = XCBuildConfiguration;
			baseConfigurationReference = 998C18DF7F96A2504255A0A1 /* Pods-DrawShape.release.xcconfig */;
			buildSettings = {
				ASSETCATALOG_COMPILER_APPICON_NAME = AppIcon;
				CLANG_ENABLE_MODULES = YES;
				CODE_SIGN_STYLE = Automatic;
				DEVELOPMENT_TEAM = 83J8888V77;
				INFOPLIST_FILE = DrawShape/Info.plist;
				LD_RUNPATH_SEARCH_PATHS = (
					"$(inherited)",
					"@executable_path/Frameworks",
				);
				PRODUCT_BUNDLE_IDENTIFIER = com.twistedfate.www.DrawShape;
				PRODUCT_NAME = "$(TARGET_NAME)";
				SWIFT_OBJC_BRIDGING_HEADER = "DrawShape/DrawShape-Bridging-Header.h";
				SWIFT_VERSION = 5.0;
				TARGETED_DEVICE_FAMILY = "1,2";
			};
			name = Release;
		};
/* End XCBuildConfiguration section */

/* Begin XCConfigurationList section */
		5B5187712420C55700D397D8 /* Build configuration list for PBXProject "DrawShape" */ = {
			isa = XCConfigurationList;
			buildConfigurations = (
				5B51878D2420C55800D397D8 /* Debug */,
				5B51878E2420C55800D397D8 /* Release */,
			);
			defaultConfigurationIsVisible = 0;
			defaultConfigurationName = Release;
		};
		5B51878F2420C55800D397D8 /* Build configuration list for PBXNativeTarget "DrawShape" */ = {
			isa = XCConfigurationList;
			buildConfigurations = (
				5B5187902420C55800D397D8 /* Debug */,
				5B5187912420C55800D397D8 /* Release */,
			);
			defaultConfigurationIsVisible = 0;
			defaultConfigurationName = Release;
		};
/* End XCConfigurationList section */
	};
	rootObject = 5B51876E2420C55700D397D8 /* Project object */;
}
